
Microsoft Visual Studio Solution File, Format Version 12.00
# Visual Studio Version 17
VisualStudioVersion = 17.2.32519.379
MinimumVisualStudioVersion = 10.0.40219.1
Project("{9A19103F-16F7-4668-BE54-9A1E7A4F7556}") = "PowerQualityManageService", "PowerQualityManageService\PowerQualityManageService.csproj", "{CDE8359D-C264-4EAA-8D7C-EC21E6074E56}"
EndProject
Project("{9A19103F-16F7-4668-BE54-9A1E7A4F7556}") = "PowerQualityManageService.Infrastructure", "PowerQualityManageService.Infrastructure\PowerQualityManageService.Infrastructure.csproj", "{96BE4107-CC56-49F5-926B-7FB396914313}"
EndProject
Project("{FAE04EC0-301F-11D3-BF4B-00C04F79EFBC}") = "PowerQualityManageService.Core", "PowerQualityManageService.Core\PowerQualityManageService.Core.csproj", "{BDC89AC1-5133-40FE-847D-1A6AB6B218F3}"
EndProject
Global
	GlobalSection(SolutionConfigurationPlatforms) = preSolution
		Debug|Any CPU = Debug|Any CPU
		Release|Any CPU = Release|Any CPU
	EndGlobalSection
	GlobalSection(ProjectConfigurationPlatforms) = postSolution
		{CDE8359D-C264-4EAA-8D7C-EC21E6074E56}.Debug|Any CPU.ActiveCfg = Debug|Any CPU
		{CDE8359D-C264-4EAA-8D7C-EC21E6074E56}.Debug|Any CPU.Build.0 = Debug|Any CPU
		{CDE8359D-C264-4EAA-8D7C-EC21E6074E56}.Release|Any CPU.ActiveCfg = Release|Any CPU
		{CDE8359D-C264-4EAA-8D7C-EC21E6074E56}.Release|Any CPU.Build.0 = Release|Any CPU
		{96BE4107-CC56-49F5-926B-7FB396914313}.Debug|Any CPU.ActiveCfg = Debug|Any CPU
		{96BE4107-CC56-49F5-926B-7FB396914313}.Debug|Any CPU.Build.0 = Debug|Any CPU
		{96BE4107-CC56-49F5-926B-7FB396914313}.Release|Any CPU.ActiveCfg = Release|Any CPU
		{96BE4107-CC56-49F5-926B-7FB396914313}.Release|Any CPU.Build.0 = Release|Any CPU
		{BDC89AC1-5133-40FE-847D-1A6AB6B218F3}.Debug|Any CPU.ActiveCfg = Debug|Any CPU
		{BDC89AC1-5133-40FE-847D-1A6AB6B218F3}.Debug|Any CPU.Build.0 = Debug|Any CPU
		{BDC89AC1-5133-40FE-847D-1A6AB6B218F3}.Release|Any CPU.ActiveCfg = Release|Any CPU
		{BDC89AC1-5133-40FE-847D-1A6AB6B218F3}.Release|Any CPU.Build.0 = Release|Any CPU
	EndGlobalSection
	GlobalSection(SolutionProperties) = preSolution
		HideSolutionNode = FALSE
	EndGlobalSection
	GlobalSection(ExtensibilityGlobals) = postSolution
		SolutionGuid = {8BBF2548-F6E2-44A7-BE78-90ECDAA9A721}
	EndGlobalSection
EndGlobal
